
Microsoft Visual Studio Solution File, Format Version 12.00
# Visual Studio Version 17
VisualStudioVersion = 17.0.32126.317
MinimumVisualStudioVersion = 10.0.40219.1
Project("{FAE04EC0-301F-11D3-BF4B-00C04F79EFBC}") = "my-books", "my-books\my-books.csproj", "{57CA0D14-FB19-4EF7-976B-5E454E52146D}"
EndProject
Global
	GlobalSection(SolutionConfigurationPlatforms) = preSolution
		Debug|Any CPU = Debug|Any CPU
		Release|Any CPU = Release|Any CPU
	EndGlobalSection
	GlobalSection(ProjectConfigurationPlatforms) = postSolution
		{57CA0D14-FB19-4EF7-976B-5E454E52146D}.Debug|Any CPU.ActiveCfg = Debug|Any CPU
		{57CA0D14-FB19-4EF7-976B-5E454E52146D}.Debug|Any CPU.Build.0 = Debug|Any CPU
		{57CA0D14-FB19-4EF7-976B-5E454E52146D}.Release|Any CPU.ActiveCfg = Release|Any CPU
		{57CA0D14-FB19-4EF7-976B-5E454E52146D}.Release|Any CPU.Build.0 = Release|Any CPU
	EndGlobalSection
	GlobalSection(SolutionProperties) = preSolution
		HideSolutionNode = FALSE
	EndGlobalSection
	GlobalSection(ExtensibilityGlobals) = postSolution
		SolutionGuid = {620F4F6F-49BE-4869-9CE7-7C19FED15BFE}
	EndGlobalSection
EndGlobal
